
Microsoft Visual Studio Solution File, Format Version 12.00
# Visual Studio Version 17
VisualStudioVersion = 17.8.34322.80
MinimumVisualStudioVersion = 10.0.40219.1
Project("{9A19103F-16F7-4668-BE54-9A1E7A4F7556}") = "Net_QuestionsAPI", "Net_QuestionsAPI\Net_QuestionsAPI.csproj", "{5FE832FE-4657-4C0A-A436-57C40732F4C5}"
EndProject
Project("{FAE04EC0-301F-11D3-BF4B-00C04F79EFBC}") = "Questions_NET.DataAccess", "Questions_NET.DataAccess\Questions_NET.DataAccess.csproj", "{2DC9BE00-EA43-4B6E-B2F1-87BD199E0E2F}"
EndProject
Project("{FAE04EC0-301F-11D3-BF4B-00C04F79EFBC}") = "Questions_NET.Models", "Questions_NET.Models\Questions_NET.Models.csproj", "{827D623B-0D47-4834-8BD1-B6EF805499BF}"
EndProject
Global
	GlobalSection(SolutionConfigurationPlatforms) = preSolution
		Debug|Any CPU = Debug|Any CPU
		Release|Any CPU = Release|Any CPU
	EndGlobalSection
	GlobalSection(ProjectConfigurationPlatforms) = postSolution
		{5FE832FE-4657-4C0A-A436-57C40732F4C5}.Debug|Any CPU.ActiveCfg = Debug|Any CPU
		{5FE832FE-4657-4C0A-A436-57C40732F4C5}.Debug|Any CPU.Build.0 = Debug|Any CPU
		{5FE832FE-4657-4C0A-A436-57C40732F4C5}.Release|Any CPU.ActiveCfg = Release|Any CPU
		{5FE832FE-4657-4C0A-A436-57C40732F4C5}.Release|Any CPU.Build.0 = Release|Any CPU
		{2DC9BE00-EA43-4B6E-B2F1-87BD199E0E2F}.Debug|Any CPU.ActiveCfg = Debug|Any CPU
		{2DC9BE00-EA43-4B6E-B2F1-87BD199E0E2F}.Debug|Any CPU.Build.0 = Debug|Any CPU
		{2DC9BE00-EA43-4B6E-B2F1-87BD199E0E2F}.Release|Any CPU.ActiveCfg = Release|Any CPU
		{2DC9BE00-EA43-4B6E-B2F1-87BD199E0E2F}.Release|Any CPU.Build.0 = Release|Any CPU
		{827D623B-0D47-4834-8BD1-B6EF805499BF}.Debug|Any CPU.ActiveCfg = Debug|Any CPU
		{827D623B-0D47-4834-8BD1-B6EF805499BF}.Debug|Any CPU.Build.0 = Debug|Any CPU
		{827D623B-0D47-4834-8BD1-B6EF805499BF}.Release|Any CPU.ActiveCfg = Release|Any CPU
		{827D623B-0D47-4834-8BD1-B6EF805499BF}.Release|Any CPU.Build.0 = Release|Any CPU
	EndGlobalSection
	GlobalSection(SolutionProperties) = preSolution
		HideSolutionNode = FALSE
	EndGlobalSection
	GlobalSection(ExtensibilityGlobals) = postSolution
		SolutionGuid = {5EEFCB75-73B1-4111-B12A-373F011BCFE0}
	EndGlobalSection
EndGlobal
